// !$*UTF8*$!
{
	archiveVersion = 1;
	classes = {
	};
	objectVersion = 77;
	objects = {

/* Begin PBXBuildFile section */
		8F8783D6CD93ACEEA36E4D47 /* Pods_EnglishSentence.framework in Frameworks */ = {isa = PBXBuildFile; fileRef = 203C4778885102A9D962BADD /* Pods_EnglishSentence.framework */; };
		A10000072F3B3E6E009FC907 /* EnglishSentenceWidgetExtension.appex in Embed Foundation Extensions */ = {isa = PBXBuildFile; fileRef = A10000012F3B3E6E009FC901 /* EnglishSentenceWidgetExtension.appex */; settings = {ATTRIBUTES = (RemoveHeadersOnCopy, ); }; };
		B2E000022F3B3E6E009FC902 /* EnglishSentenceWidget2Extension.appex in Embed Foundation Extensions */ = {isa = PBXBuildFile; fileRef = B2E000012F3B3E6E009FC901 /* EnglishSentenceWidget2Extension.appex */; settings = {ATTRIBUTES = (RemoveHeadersOnCopy, ); }; };
/* End PBXBuildFile section */

/* Begin PBXContainerItemProxy section */
		A100000B2F3B3E6E009FC90B /* PBXContainerItemProxy */ = {
			isa = PBXContainerItemProxy;
			containerPortal = 5D591F972F3B3E6E009FC87E /* Project object */;
			proxyType = 1;
			remoteGlobalIDString = A10000032F3B3E6E009FC903;
			remoteInfo = EnglishSentenceWidgetExtension;
		};
		B2E000032F3B3E6E009FC903 /* PBXContainerItemProxy */ = {
			isa = PBXContainerItemProxy;
			containerPortal = 5D591F972F3B3E6E009FC87E /* Project object */;
			proxyType = 1;
			remoteGlobalIDString = B2E000072F3B3E6E009FC907;
			remoteInfo = EnglishSentenceWidget2Extension;
		};
/* End PBXContainerItemProxy section */

/* Begin PBXCopyFilesBuildPhase section */
		A10000082F3B3E6E009FC908 /* Embed Foundation Extensions */ = {
			isa = PBXCopyFilesBuildPhase;
			buildActionMask = 2147483647;
			dstPath = "";
			dstSubfolderSpec = 13;
			files = (
				A10000072F3B3E6E009FC907 /* EnglishSentenceWidgetExtension.appex in Embed Foundation Extensions */,
				B2E000022F3B3E6E009FC902 /* EnglishSentenceWidget2Extension.appex in Embed Foundation Extensions */,
			);
			name = "Embed Foundation Extensions";
			runOnlyForDeploymentPostprocessing = 0;
		};
/* End PBXCopyFilesBuildPhase section */

/* Begin PBXFileReference section */
		203C4778885102A9D962BADD /* Pods_EnglishSentence.framework */ = {isa = PBXFileReference; explicitFileType = wrapper.framework; includeInIndex = 0; path = Pods_EnglishSentence.framework; sourceTree = BUILT_PRODUCTS_DIR; };
		2E7DB95EEDCB54D4347AD8A6 /* Pods-EnglishSentence.release.xcconfig */ = {isa = PBXFileReference; includeInIndex = 1; lastKnownFileType = text.xcconfig; name = "Pods-EnglishSentence.release.xcconfig"; path = "Target Support Files/Pods-EnglishSentence/Pods-EnglishSentence.release.xcconfig"; sourceTree = "<group>"; };
		5D591F9F2F3B3E6E009FC87E /* EnglishSentence.app */ = {isa = PBXFileReference; explicitFileType = wrapper.application; includeInIndex = 0; path = EnglishSentence.app; sourceTree = BUILT_PRODUCTS_DIR; };
		A10000012F3B3E6E009FC901 /* EnglishSentenceWidgetExtension.appex */ = {isa = PBXFileReference; explicitFileType = "wrapper.app-extension"; includeInIndex = 0; path = EnglishSentenceWidgetExtension.appex; sourceTree = BUILT_PRODUCTS_DIR; };
		B2E000012F3B3E6E009FC901 /* EnglishSentenceWidget2Extension.appex */ = {isa = PBXFileReference; explicitFileType = "wrapper.app-extension"; includeInIndex = 0; path = EnglishSentenceWidget2Extension.appex; sourceTree = BUILT_PRODUCTS_DIR; };
		C7F3320798D8BF34D86E498A /* Pods-EnglishSentence.debug.xcconfig */ = {isa = PBXFileReference; includeInIndex = 1; lastKnownFileType = text.xcconfig; name = "Pods-EnglishSentence.debug.xcconfig"; path = "Target Support Files/Pods-EnglishSentence/Pods-EnglishSentence.debug.xcconfig"; sourceTree = "<group>"; };
/* End PBXFileReference section */

/* Begin PBXFileSystemSynchronizedBuildFileExceptionSet section */
		5D591FB12F3B3E70009FC87E /* Exceptions for "EnglishSentence" folder in "EnglishSentence" target */ = {
			isa = PBXFileSystemSynchronizedBuildFileExceptionSet;
			membershipExceptions = (
				Info.plist,
			);
			target = 5D591F9E2F3B3E6E009FC87E /* EnglishSentence */;
		};
		A100000A2F3B3E6E009FC90A /* Exceptions for "EnglishSentenceWidget" folder in "EnglishSentenceWidgetExtension" target */ = {
			isa = PBXFileSystemSynchronizedBuildFileExceptionSet;
			membershipExceptions = (
				Info.plist,
			);
			target = A10000032F3B3E6E009FC903 /* EnglishSentenceWidgetExtension */;
		};
		B2E000062F3B3E6E009FC906 /* Exceptions for "EnglishSentenceWidget2" folder in "EnglishSentenceWidget2Extension" target */ = {
			isa = PBXFileSystemSynchronizedBuildFileExceptionSet;
			membershipExceptions = (
				Info.plist,
			);
			target = B2E000072F3B3E6E009FC907 /* EnglishSentenceWidget2Extension */;
		};
/* End PBXFileSystemSynchronizedBuildFileExceptionSet section */

/* Begin PBXFileSystemSynchronizedRootGroup section */
		5D591FA12F3B3E6E009FC87E /* EnglishSentence */ = {
			isa = PBXFileSystemSynchronizedRootGroup;
			exceptions = (
				5D591FB12F3B3E70009FC87E /* Exceptions for "EnglishSentence" folder in "EnglishSentence" target */,
			);
			path = EnglishSentence;
			sourceTree = "<group>";
		};
		A10000022F3B3E6E009FC902 /* EnglishSentenceWidget */ = {
			isa = PBXFileSystemSynchronizedRootGroup;
			exceptions = (
				A100000A2F3B3E6E009FC90A /* Exceptions for "EnglishSentenceWidget" folder in "EnglishSentenceWidgetExtension" target */,
			);
			path = EnglishSentenceWidget;
			sourceTree = "<group>";
		};
		B2E000052F3B3E6E009FC905 /* EnglishSentenceWidget2 */ = {
			isa = PBXFileSystemSynchronizedRootGroup;
			exceptions = (
				B2E000062F3B3E6E009FC906 /* Exceptions for "EnglishSentenceWidget2" folder in "EnglishSentenceWidget2Extension" target */,
			);
			path = EnglishSentenceWidget2;
			sourceTree = "<group>";
		};
/* End PBXFileSystemSynchronizedRootGroup section */

/* Begin PBXFrameworksBuildPhase section */
		5D591F9C2F3B3E6E009FC87E /* Frameworks */ = {
			isa = PBXFrameworksBuildPhase;
			buildActionMask = 2147483647;
			files = (
				8F8783D6CD93ACEEA36E4D47 /* Pods_EnglishSentence.framework in Frameworks */,
			);
			runOnlyForDeploymentPostprocessing = 0;
		};
		A10000052F3B3E6E009FC905 /* Frameworks */ = {
			isa = PBXFrameworksBuildPhase;
			buildActionMask = 2147483647;
			files = (
			);
			runOnlyForDeploymentPostprocessing = 0;
		};
		B2E000092F3B3E6E009FC909 /* Frameworks */ = {
			isa = PBXFrameworksBuildPhase;
			buildActionMask = 2147483647;
			files = (
			);
			runOnlyForDeploymentPostprocessing = 0;
		};
/* End PBXFrameworksBuildPhase section */

/* Begin PBXGroup section */
		378EC5782904B5EED2A5F99F /* Frameworks */ = {
			isa = PBXGroup;
			children = (
				203C4778885102A9D962BADD /* Pods_EnglishSentence.framework */,
			);
			name = Frameworks;
			sourceTree = "<group>";
		};
		5D591F962F3B3E6E009FC87E = {
			isa = PBXGroup;
			children = (
				5D591FA12F3B3E6E009FC87E /* EnglishSentence */,
				A10000022F3B3E6E009FC902 /* EnglishSentenceWidget */,
				B2E000052F3B3E6E009FC905 /* EnglishSentenceWidget2 */,
				5D591FA02F3B3E6E009FC87E /* Products */,
				6C610555C55C3EC3E25CAF6A /* Pods */,
				378EC5782904B5EED2A5F99F /* Frameworks */,
			);
			sourceTree = "<group>";
		};
		5D591FA02F3B3E6E009FC87E /* Products */ = {
			isa = PBXGroup;
			children = (
				5D591F9F2F3B3E6E009FC87E /* EnglishSentence.app */,
				A10000012F3B3E6E009FC901 /* EnglishSentenceWidgetExtension.appex */,
				B2E000012F3B3E6E009FC901 /* EnglishSentenceWidget2Extension.appex */,
			);
			name = Products;
			sourceTree = "<group>";
		};
		6C610555C55C3EC3E25CAF6A /* Pods */ = {
			isa = PBXGroup;
			children = (
				C7F3320798D8BF34D86E498A /* Pods-EnglishSentence.debug.xcconfig */,
				2E7DB95EEDCB54D4347AD8A6 /* Pods-EnglishSentence.release.xcconfig */,
			);
			path = Pods;
			sourceTree = "<group>";
		};
/* End PBXGroup section */

/* Begin PBXNativeTarget section */
		5D591F9E2F3B3E6E009FC87E /* EnglishSentence */ = {
			isa = PBXNativeTarget;
			buildConfigurationList = 5D591FB22F3B3E70009FC87E /* Build configuration list for PBXNativeTarget "EnglishSentence" */;
			buildPhases = (
				E29D9E102166A99325ABE799 /* [CP] Check Pods Manifest.lock */,
				5D591F9B2F3B3E6E009FC87E /* Sources */,
				5D591F9C2F3B3E6E009FC87E /* Frameworks */,
				5D591F9D2F3B3E6E009FC87E /* Resources */,
				A10000082F3B3E6E009FC908 /* Embed Foundation Extensions */,
				84C44CD69BD6D154E7060D3B /* [CP] Embed Pods Frameworks */,
			);
			buildRules = (
			);
			dependencies = (
				A10000092F3B3E6E009FC909 /* PBXTargetDependency */,
				B2E000042F3B3E6E009FC904 /* PBXTargetDependency */,
			);
			fileSystemSynchronizedGroups = (
				5D591FA12F3B3E6E009FC87E /* EnglishSentence */,
			);
			name = EnglishSentence;
			productName = EnglishSentence;
			productReference = 5D591F9F2F3B3E6E009FC87E /* EnglishSentence.app */;
			productType = "com.apple.product-type.application";
		};
		A10000032F3B3E6E009FC903 /* EnglishSentenceWidgetExtension */ = {
			isa = PBXNativeTarget;
			buildConfigurationList = A100000C2F3B3E6E009FC90C /* Build configuration list for PBXNativeTarget "EnglishSentenceWidgetExtension" */;
			buildPhases = (
				A10000042F3B3E6E009FC904 /* Sources */,
				A10000052F3B3E6E009FC905 /* Frameworks */,
				A10000062F3B3E6E009FC906 /* Resources */,
			);
			buildRules = (
			);
			dependencies = (
			);
			fileSystemSynchronizedGroups = (
				A10000022F3B3E6E009FC902 /* EnglishSentenceWidget */,
			);
			name = EnglishSentenceWidgetExtension;
			productName = EnglishSentenceWidgetExtension;
			productReference = A10000012F3B3E6E009FC901 /* EnglishSentenceWidgetExtension.appex */;
			productType = "com.apple.product-type.app-extension";
		};
		B2E000072F3B3E6E009FC907 /* EnglishSentenceWidget2Extension */ = {
			isa = PBXNativeTarget;
			buildConfigurationList = B2E0000B2F3B3E6E009FC90B /* Build configuration list for PBXNativeTarget "EnglishSentenceWidget2Extension" */;
			buildPhases = (
				B2E000082F3B3E6E009FC908 /* Sources */,
				B2E000092F3B3E6E009FC909 /* Frameworks */,
				B2E0000A2F3B3E6E009FC90A /* Resources */,
			);
			buildRules = (
			);
			dependencies = (
			);
			fileSystemSynchronizedGroups = (
				B2E000052F3B3E6E009FC905 /* EnglishSentenceWidget2 */,
			);
			name = EnglishSentenceWidget2Extension;
			productName = EnglishSentenceWidget2Extension;
			productReference = B2E000012F3B3E6E009FC901 /* EnglishSentenceWidget2Extension.appex */;
			productType = "com.apple.product-type.app-extension";
		};
/* End PBXNativeTarget section */

/* Begin PBXProject section */
		5D591F972F3B3E6E009FC87E /* Project object */ = {
			isa = PBXProject;
			attributes = {
				BuildIndependentTargetsInParallel = 1;
				LastSwiftUpdateCheck = 2620;
				LastUpgradeCheck = 2620;
				TargetAttributes = {
					5D591F9E2F3B3E6E009FC87E = {
						CreatedOnToolsVersion = 26.2;
					};
					A10000032F3B3E6E009FC903 = {
						CreatedOnToolsVersion = 26.2;
					};
					B2E000072F3B3E6E009FC907 = {
						CreatedOnToolsVersion = 26.2;
					};
				};
			};
			buildConfigurationList = 5D591F9A2F3B3E6E009FC87E /* Build configuration list for PBXProject "EnglishSentence" */;
			developmentRegion = en;
			hasScannedForEncodings = 0;
			knownRegions = (
				en,
				Base,
			);
			mainGroup = 5D591F962F3B3E6E009FC87E;
			minimizedProjectReferenceProxies = 1;
			preferredProjectObjectVersion = 77;
			productRefGroup = 5D591FA02F3B3E6E009FC87E /* Products */;
			projectDirPath = "";
			projectRoot = "";
			targets = (
				5D591F9E2F3B3E6E009FC87E /* EnglishSentence */,
				A10000032F3B3E6E009FC903 /* EnglishSentenceWidgetExtension */,
				B2E000072F3B3E6E009FC907 /* EnglishSentenceWidget2Extension */,
			);
		};
/* End PBXProject section */

/* Begin PBXResourcesBuildPhase section */
		5D591F9D2F3B3E6E009FC87E /* Resources */ = {
			isa = PBXResourcesBuildPhase;
			buildActionMask = 2147483647;
			files = (
			);
			runOnlyForDeploymentPostprocessing = 0;
		};
		A10000062F3B3E6E009FC906 /* Resources */ = {
			isa = PBXResourcesBuildPhase;
			buildActionMask = 2147483647;
			files = (
			);
			runOnlyForDeploymentPostprocessing = 0;
		};
		B2E0000A2F3B3E6E009FC90A /* Resources */ = {
			isa = PBXResourcesBuildPhase;
			buildActionMask = 2147483647;
			files = (
			);
			runOnlyForDeploymentPostprocessing = 0;
		};
/* End PBXResourcesBuildPhase section */

/* Begin PBXShellScriptBuildPhase section */
		84C44CD69BD6D154E7060D3B /* [CP] Embed Pods Frameworks */ = {
			isa = PBXShellScriptBuildPhase;
			buildActionMask = 2147483647;
			files = (
			);
			inputFileListPaths = (
				"${PODS_ROOT}/Target Support Files/Pods-EnglishSentence/Pods-EnglishSentence-frameworks-${CONFIGURATION}-input-files.xcfilelist",
			);
			inputPaths = (
			);
			name = "[CP] Embed Pods Frameworks";
			outputFileListPaths = (
				"${PODS_ROOT}/Target Support Files/Pods-EnglishSentence/Pods-EnglishSentence-frameworks-${CONFIGURATION}-output-files.xcfilelist",
			);
			outputPaths = (
			);
			runOnlyForDeploymentPostprocessing = 0;
			shellPath = /bin/sh;
			shellScript = "\"${PODS_ROOT}/Target Support Files/Pods-EnglishSentence/Pods-EnglishSentence-frameworks.sh\"\n";
			showEnvVarsInLog = 0;
		};
		E29D9E102166A99325ABE799 /* [CP] Check Pods Manifest.lock */ = {
			isa = PBXShellScriptBuildPhase;
			buildActionMask = 2147483647;
			files = (
			);
			inputFileListPaths = (
			);
			inputPaths = (
				"${PODS_PODFILE_DIR_PATH}/Podfile.lock",
				"${PODS_ROOT}/Manifest.lock",
			);
			name = "[CP] Check Pods Manifest.lock";
			outputFileListPaths = (
			);
			outputPaths = (
				"$(DERIVED_FILE_DIR)/Pods-EnglishSentence-checkManifestLockResult.txt",
			);
			runOnlyForDeploymentPostprocessing = 0;
			shellPath = /bin/sh;
			shellScript = "diff \"${PODS_PODFILE_DIR_PATH}/Podfile.lock\" \"${PODS_ROOT}/Manifest.lock\" > /dev/null\nif [ $? != 0 ] ; then\n    # print error to STDERR\n    echo \"error: The sandbox is not in sync with the Podfile.lock. Run 'pod install' or update your CocoaPods installation.\" >&2\n    exit 1\nfi\n# This output is used by Xcode 'outputs' to avoid re-running this script phase.\necho \"SUCCESS\" > \"${SCRIPT_OUTPUT_FILE_0}\"\n";
			showEnvVarsInLog = 0;
		};
/* End PBXShellScriptBuildPhase section */

/* Begin PBXSourcesBuildPhase section */
		5D591F9B2F3B3E6E009FC87E /* Sources */ = {
			isa = PBXSourcesBuildPhase;
			buildActionMask = 2147483647;
			files = (
			);
			runOnlyForDeploymentPostprocessing = 0;
		};
		A10000042F3B3E6E009FC904 /* Sources */ = {
			isa = PBXSourcesBuildPhase;
			buildActionMask = 2147483647;
			files = (
			);
			runOnlyForDeploymentPostprocessing = 0;
		};
		B2E000082F3B3E6E009FC908 /* Sources */ = {
			isa = PBXSourcesBuildPhase;
			buildActionMask = 2147483647;
			files = (
			);
			runOnlyForDeploymentPostprocessing = 0;
		};
/* End PBXSourcesBuildPhase section */

/* Begin PBXTargetDependency section */
		A10000092F3B3E6E009FC909 /* PBXTargetDependency */ = {
			isa = PBXTargetDependency;
			target = A10000032F3B3E6E009FC903 /* EnglishSentenceWidgetExtension */;
			targetProxy = A100000B2F3B3E6E009FC90B /* PBXContainerItemProxy */;
		};
		B2E000042F3B3E6E009FC904 /* PBXTargetDependency */ = {
			isa = PBXTargetDependency;
			target = B2E000072F3B3E6E009FC907 /* EnglishSentenceWidget2Extension */;
			targetProxy = B2E000032F3B3E6E009FC903 /* PBXContainerItemProxy */;
		};
/* End PBXTargetDependency section */

/* Begin XCBuildConfiguration section */
		5D591FB32F3B3E70009FC87E /* Debug */ = {
			isa = XCBuildConfiguration;
			baseConfigurationReference = C7F3320798D8BF34D86E498A /* Pods-EnglishSentence.debug.xcconfig */;
			buildSettings = {
				ASSETCATALOG_COMPILER_APPICON_NAME = AppIcon;
				ASSETCATALOG_COMPILER_GLOBAL_ACCENT_COLOR_NAME = AccentColor;
				CODE_SIGN_IDENTITY = "Apple Development";
				CODE_SIGN_STYLE = Automatic;
				CURRENT_PROJECT_VERSION = 1;
				DEVELOPMENT_TEAM = HGL22JZ52C;
				ENABLE_USER_SCRIPT_SANDBOXING = NO;
				GENERATE_INFOPLIST_FILE = YES;
				INFOPLIST_FILE = EnglishSentence/Info.plist;
				INFOPLIST_KEY_CFBundleDisplayName = "兔子英语";
				INFOPLIST_KEY_ITSAppUsesNonExemptEncryption = NO;
				INFOPLIST_KEY_LSApplicationCategoryType = "public.app-category.education";
				INFOPLIST_KEY_NSPhotoLibraryUsageDescription = "我们需要访问您的相册，以便您选择喜欢的图片作为App的背景。";
				INFOPLIST_KEY_UIApplicationSupportsIndirectInputEvents = YES;
				INFOPLIST_KEY_UILaunchStoryboardName = LaunchScreen;
				INFOPLIST_KEY_UIMainStoryboardFile = Main;
				INFOPLIST_KEY_UISupportedInterfaceOrientations = UIInterfaceOrientationPortrait;
				INFOPLIST_KEY_UISupportedInterfaceOrientations_iPad = "UIInterfaceOrientationLandscapeLeft UIInterfaceOrientationLandscapeRight UIInterfaceOrientationPortrait UIInterfaceOrientationPortraitUpsideDown";
				IPHONEOS_DEPLOYMENT_TARGET = 15.0;
				LD_RUNPATH_SEARCH_PATHS = (
					"$(inherited)",
					"@executable_path/Frameworks",
				);
				MARKETING_VERSION = 1.0.5;
				PRODUCT_BUNDLE_IDENTIFIER = com.rabbit.englist;
				PRODUCT_NAME = "$(TARGET_NAME)";
				PROVISIONING_PROFILE_SPECIFIER = "";
				STRING_CATALOG_GENERATE_SYMBOLS = YES;
				SUPPORTED_PLATFORMS = "iphoneos iphonesimulator";
				SUPPORTS_MACCATALYST = NO;
				SUPPORTS_MAC_DESIGNED_FOR_IPHONE_IPAD = NO;
				SUPPORTS_XR_DESIGNED_FOR_IPHONE_IPAD = NO;
				SWIFT_APPROACHABLE_CONCURRENCY = YES;
				SWIFT_DEFAULT_ACTOR_ISOLATION = MainActor;
				SWIFT_EMIT_LOC_STRINGS = YES;
				SWIFT_UPCOMING_FEATURE_MEMBER_IMPORT_VISIBILITY = YES;
				SWIFT_VERSION = 5.0;
				TARGETED_DEVICE_FAMILY = 1;
			};
			name = Debug;
		};
		5D591FB42F3B3E70009FC87E /* Release */ = {
			isa = XCBuildConfiguration;
			baseConfigurationReference = 2E7DB95EEDCB54D4347AD8A6 /* Pods-EnglishSentence.release.xcconfig */;
			buildSettings = {
				ASSETCATALOG_COMPILER_APPICON_NAME = AppIcon;
				ASSETCATALOG_COMPILER_GLOBAL_ACCENT_COLOR_NAME = AccentColor;
				CODE_SIGN_IDENTITY = "Apple Development";
				CODE_SIGN_STYLE = Automatic;
				CURRENT_PROJECT_VERSION = 1;
				DEVELOPMENT_TEAM = HGL22JZ52C;
				ENABLE_USER_SCRIPT_SANDBOXING = NO;
				GENERATE_INFOPLIST_FILE = YES;
				INFOPLIST_FILE = EnglishSentence/Info.plist;
				INFOPLIST_KEY_CFBundleDisplayName = "兔子英语";
				INFOPLIST_KEY_ITSAppUsesNonExemptEncryption = NO;
				INFOPLIST_KEY_LSApplicationCategoryType = "public.app-category.education";
				INFOPLIST_KEY_NSPhotoLibraryUsageDescription = "我们需要访问您的相册，以便您选择喜欢的图片作为App的背景。";
				INFOPLIST_KEY_UIApplicationSupportsIndirectInputEvents = YES;
				INFOPLIST_KEY_UILaunchStoryboardName = LaunchScreen;
				INFOPLIST_KEY_UIMainStoryboardFile = Main;
				INFOPLIST_KEY_UISupportedInterfaceOrientations = UIInterfaceOrientationPortrait;
				INFOPLIST_KEY_UISupportedInterfaceOrientations_iPad = "UIInterfaceOrientationLandscapeLeft UIInterfaceOrientationLandscapeRight UIInterfaceOrientationPortrait UIInterfaceOrientationPortraitUpsideDown";
				IPHONEOS_DEPLOYMENT_TARGET = 15.0;
				LD_RUNPATH_SEARCH_PATHS = (
					"$(inherited)",
					"@executable_path/Frameworks",
				);
				MARKETING_VERSION = 1.0.5;
				PRODUCT_BUNDLE_IDENTIFIER = com.rabbit.englist;
				PRODUCT_NAME = "$(TARGET_NAME)";
				PROVISIONING_PROFILE_SPECIFIER = "";
				STRING_CATALOG_GENERATE_SYMBOLS = YES;
				SUPPORTED_PLATFORMS = "iphoneos iphonesimulator";
				SUPPORTS_MACCATALYST = NO;
				SUPPORTS_MAC_DESIGNED_FOR_IPHONE_IPAD = NO;
				SUPPORTS_XR_DESIGNED_FOR_IPHONE_IPAD = NO;
				SWIFT_APPROACHABLE_CONCURRENCY = YES;
				SWIFT_DEFAULT_ACTOR_ISOLATION = MainActor;
				SWIFT_EMIT_LOC_STRINGS = YES;
				SWIFT_UPCOMING_FEATURE_MEMBER_IMPORT_VISIBILITY = YES;
				SWIFT_VERSION = 5.0;
				TARGETED_DEVICE_FAMILY = 1;
			};
			name = Release;
		};
		5D591FB52F3B3E70009FC87E /* Debug */ = {
			isa = XCBuildConfiguration;
			buildSettings = {
				ALWAYS_SEARCH_USER_PATHS = NO;
				ASSETCATALOG_COMPILER_GENERATE_SWIFT_ASSET_SYMBOL_EXTENSIONS = YES;
				CLANG_ANALYZER_NONNULL = YES;
				CLANG_ANALYZER_NUMBER_OBJECT_CONVERSION = YES_AGGRESSIVE;
				CLANG_CXX_LANGUAGE_STANDARD = "gnu++20";
				CLANG_ENABLE_MODULES = YES;
				CLANG_ENABLE_OBJC_ARC = YES;
				CLANG_ENABLE_OBJC_WEAK = YES;
				CLANG_WARN_BLOCK_CAPTURE_AUTORELEASING = YES;
				CLANG_WARN_BOOL_CONVERSION = YES;
				CLANG_WARN_COMMA = YES;
				CLANG_WARN_CONSTANT_CONVERSION = YES;
				CLANG_WARN_DEPRECATED_OBJC_IMPLEMENTATIONS = YES;
				CLANG_WARN_DIRECT_OBJC_ISA_USAGE = YES_ERROR;
				CLANG_WARN_DOCUMENTATION_COMMENTS = YES;
				CLANG_WARN_EMPTY_BODY = YES;
				CLANG_WARN_ENUM_CONVERSION = YES;
				CLANG_WARN_INFINITE_RECURSION = YES;
				CLANG_WARN_INT_CONVERSION = YES;
				CLANG_WARN_NON_LITERAL_NULL_CONVERSION = YES;
				CLANG_WARN_OBJC_IMPLICIT_RETAIN_SELF = YES;
				CLANG_WARN_OBJC_LITERAL_CONVERSION = YES;
				CLANG_WARN_OBJC_ROOT_CLASS = YES_ERROR;
				CLANG_WARN_QUOTED_INCLUDE_IN_FRAMEWORK_HEADER = YES;
				CLANG_WARN_RANGE_LOOP_ANALYSIS = YES;
				CLANG_WARN_STRICT_PROTOTYPES = YES;
				CLANG_WARN_SUSPICIOUS_MOVE = YES;
				CLANG_WARN_UNGUARDED_AVAILABILITY = YES_AGGRESSIVE;
				CLANG_WARN_UNREACHABLE_CODE = YES;
				CLANG_WARN__DUPLICATE_METHOD_MATCH = YES;
				COPY_PHASE_STRIP = NO;
				DEBUG_INFORMATION_FORMAT = dwarf;
				ENABLE_STRICT_OBJC_MSGSEND = YES;
				ENABLE_TESTABILITY = YES;
				ENABLE_USER_SCRIPT_SANDBOXING = YES;
				GCC_C_LANGUAGE_STANDARD = gnu17;
				GCC_DYNAMIC_NO_PIC = NO;
				GCC_NO_COMMON_BLOCKS = YES;
				GCC_OPTIMIZATION_LEVEL = 0;
				GCC_PREPROCESSOR_DEFINITIONS = (
					"DEBUG=1",
					"$(inherited)",
				);
				GCC_WARN_64_TO_32_BIT_CONVERSION = YES;
				GCC_WARN_ABOUT_RETURN_TYPE = YES_ERROR;
				GCC_WARN_UNDECLARED_SELECTOR = YES;
				GCC_WARN_UNINITIALIZED_AUTOS = YES_AGGRESSIVE;
				GCC_WARN_UNUSED_FUNCTION = YES;
				GCC_WARN_UNUSED_VARIABLE = YES;
				IPHONEOS_DEPLOYMENT_TARGET = 26.2;
				LOCALIZATION_PREFERS_STRING_CATALOGS = YES;
				MTL_ENABLE_DEBUG_INFO = INCLUDE_SOURCE;
				MTL_FAST_MATH = YES;
				ONLY_ACTIVE_ARCH = YES;
				SDKROOT = iphoneos;
				SWIFT_ACTIVE_COMPILATION_CONDITIONS = "DEBUG $(inherited)";
				SWIFT_OPTIMIZATION_LEVEL = "-Onone";
			};
			name = Debug;
		};
		5D591FB62F3B3E70009FC87E /* Release */ = {
			isa = XCBuildConfiguration;
			buildSettings = {
				ALWAYS_SEARCH_USER_PATHS = NO;
				ASSETCATALOG_COMPILER_GENERATE_SWIFT_ASSET_SYMBOL_EXTENSIONS = YES;
				CLANG_ANALYZER_NONNULL = YES;
				CLANG_ANALYZER_NUMBER_OBJECT_CONVERSION = YES_AGGRESSIVE;
				CLANG_CXX_LANGUAGE_STANDARD = "gnu++20";
				CLANG_ENABLE_MODULES = YES;
				CLANG_ENABLE_OBJC_ARC = YES;
				CLANG_ENABLE_OBJC_WEAK = YES;
				CLANG_WARN_BLOCK_CAPTURE_AUTORELEASING = YES;
				CLANG_WARN_BOOL_CONVERSION = YES;
				CLANG_WARN_COMMA = YES;
				CLANG_WARN_CONSTANT_CONVERSION = YES;
				CLANG_WARN_DEPRECATED_OBJC_IMPLEMENTATIONS = YES;
				CLANG_WARN_DIRECT_OBJC_ISA_USAGE = YES_ERROR;
				CLANG_WARN_DOCUMENTATION_COMMENTS = YES;
				CLANG_WARN_EMPTY_BODY = YES;
				CLANG_WARN_ENUM_CONVERSION = YES;
				CLANG_WARN_INFINITE_RECURSION = YES;
				CLANG_WARN_INT_CONVERSION = YES;
				CLANG_WARN_NON_LITERAL_NULL_CONVERSION = YES;
				CLANG_WARN_OBJC_IMPLICIT_RETAIN_SELF = YES;
				CLANG_WARN_OBJC_LITERAL_CONVERSION = YES;
				CLANG_WARN_OBJC_ROOT_CLASS = YES_ERROR;
				CLANG_WARN_QUOTED_INCLUDE_IN_FRAMEWORK_HEADER = YES;
				CLANG_WARN_RANGE_LOOP_ANALYSIS = YES;
				CLANG_WARN_STRICT_PROTOTYPES = YES;
				CLANG_WARN_SUSPICIOUS_MOVE = YES;
				CLANG_WARN_UNGUARDED_AVAILABILITY = YES_AGGRESSIVE;
				CLANG_WARN_UNREACHABLE_CODE = YES;
				CLANG_WARN__DUPLICATE_METHOD_MATCH = YES;
				COPY_PHASE_STRIP = NO;
				DEBUG_INFORMATION_FORMAT = "dwarf-with-dsym";
				ENABLE_NS_ASSERTIONS = NO;
				ENABLE_STRICT_OBJC_MSGSEND = YES;
				ENABLE_USER_SCRIPT_SANDBOXING = YES;
				GCC_C_LANGUAGE_STANDARD = gnu17;
				GCC_NO_COMMON_BLOCKS = YES;
				GCC_WARN_64_TO_32_BIT_CONVERSION = YES;
				GCC_WARN_ABOUT_RETURN_TYPE = YES_ERROR;
				GCC_WARN_UNDECLARED_SELECTOR = YES;
				GCC_WARN_UNINITIALIZED_AUTOS = YES_AGGRESSIVE;
				GCC_WARN_UNUSED_FUNCTION = YES;
				GCC_WARN_UNUSED_VARIABLE = YES;
				IPHONEOS_DEPLOYMENT_TARGET = 26.2;
				LOCALIZATION_PREFERS_STRING_CATALOGS = YES;
				MTL_ENABLE_DEBUG_INFO = NO;
				MTL_FAST_MATH = YES;
				SDKROOT = iphoneos;
				SWIFT_COMPILATION_MODE = wholemodule;
				VALIDATE_PRODUCT = YES;
			};
			name = Release;
		};
		A100000D2F3B3E6E009FC90D /* Debug */ = {
			isa = XCBuildConfiguration;
			buildSettings = {
				CODE_SIGN_IDENTITY = "Apple Development";
				CODE_SIGN_STYLE = Automatic;
				CURRENT_PROJECT_VERSION = 1;
				DEVELOPMENT_TEAM = HGL22JZ52C;
				GENERATE_INFOPLIST_FILE = NO;
				INFOPLIST_FILE = EnglishSentenceWidget/Info.plist;
				INFOPLIST_KEY_CFBundleDisplayName = "兔子英语";
				INFOPLIST_KEY_NSHumanReadableCopyright = "";
				IPHONEOS_DEPLOYMENT_TARGET = 15.0;
				LD_RUNPATH_SEARCH_PATHS = (
					"$(inherited)",
					"@executable_path/Frameworks",
					"@executable_path/../../Frameworks",
				);
				MARKETING_VERSION = 1.0;
				PRODUCT_BUNDLE_IDENTIFIER = com.rabbit.englist.EnglishSentenceWidget;
				PRODUCT_NAME = "$(TARGET_NAME)";
				PROVISIONING_PROFILE_SPECIFIER = "";
				SKIP_INSTALL = YES;
				SWIFT_APPROACHABLE_CONCURRENCY = YES;
				SWIFT_DEFAULT_ACTOR_ISOLATION = MainActor;
				SWIFT_EMIT_LOC_STRINGS = YES;
				SWIFT_UPCOMING_FEATURE_MEMBER_IMPORT_VISIBILITY = YES;
				SWIFT_VERSION = 5.0;
				TARGETED_DEVICE_FAMILY = 1;
			};
			name = Debug;
		};
		A100000E2F3B3E6E009FC90E /* Release */ = {
			isa = XCBuildConfiguration;
			buildSettings = {
				CODE_SIGN_IDENTITY = "Apple Development";
				CODE_SIGN_STYLE = Automatic;
				CURRENT_PROJECT_VERSION = 1;
				DEVELOPMENT_TEAM = HGL22JZ52C;
				GENERATE_INFOPLIST_FILE = NO;
				INFOPLIST_FILE = EnglishSentenceWidget/Info.plist;
				INFOPLIST_KEY_CFBundleDisplayName = "兔子英语";
				INFOPLIST_KEY_NSHumanReadableCopyright = "";
				IPHONEOS_DEPLOYMENT_TARGET = 15.0;
				LD_RUNPATH_SEARCH_PATHS = (
					"$(inherited)",
					"@executable_path/Frameworks",
					"@executable_path/../../Frameworks",
				);
				MARKETING_VERSION = 1.0;
				PRODUCT_BUNDLE_IDENTIFIER = com.rabbit.englist.EnglishSentenceWidget;
				PRODUCT_NAME = "$(TARGET_NAME)";
				SKIP_INSTALL = YES;
				SWIFT_APPROACHABLE_CONCURRENCY = YES;
				SWIFT_DEFAULT_ACTOR_ISOLATION = MainActor;
				SWIFT_EMIT_LOC_STRINGS = YES;
				SWIFT_UPCOMING_FEATURE_MEMBER_IMPORT_VISIBILITY = YES;
				SWIFT_VERSION = 5.0;
				TARGETED_DEVICE_FAMILY = 1;
			};
			name = Release;
		};
		B2E0000C2F3B3E6E009FC90C /* Debug */ = {
			isa = XCBuildConfiguration;
			buildSettings = {
				CODE_SIGN_IDENTITY = "Apple Development";
				CODE_SIGN_STYLE = Automatic;
				CURRENT_PROJECT_VERSION = 1;
				DEVELOPMENT_TEAM = HGL22JZ52C;
				GENERATE_INFOPLIST_FILE = NO;
				INFOPLIST_FILE = EnglishSentenceWidget2/Info.plist;
				INFOPLIST_KEY_CFBundleDisplayName = "学习英语，报护眼镜";
				INFOPLIST_KEY_NSHumanReadableCopyright = "";
				IPHONEOS_DEPLOYMENT_TARGET = 15.0;
				LD_RUNPATH_SEARCH_PATHS = (
					"$(inherited)",
					"@executable_path/Frameworks",
					"@executable_path/../../Frameworks",
				);
				MARKETING_VERSION = 1.0;
				PRODUCT_BUNDLE_IDENTIFIER = com.rabbit.englist.EnglishSentenceWidget2;
				PRODUCT_NAME = "$(TARGET_NAME)";
				PROVISIONING_PROFILE_SPECIFIER = "";
				SKIP_INSTALL = YES;
				SWIFT_APPROACHABLE_CONCURRENCY = YES;
				SWIFT_DEFAULT_ACTOR_ISOLATION = MainActor;
				SWIFT_EMIT_LOC_STRINGS = YES;
				SWIFT_UPCOMING_FEATURE_MEMBER_IMPORT_VISIBILITY = YES;
				SWIFT_VERSION = 5.0;
				TARGETED_DEVICE_FAMILY = 1;
			};
			name = Debug;
		};
		B2E0000D2F3B3E6E009FC90D /* Release */ = {
			isa = XCBuildConfiguration;
			buildSettings = {
				CODE_SIGN_IDENTITY = "Apple Development";
				CODE_SIGN_STYLE = Automatic;
				CURRENT_PROJECT_VERSION = 1;
				DEVELOPMENT_TEAM = HGL22JZ52C;
				GENERATE_INFOPLIST_FILE = NO;
				INFOPLIST_FILE = EnglishSentenceWidget2/Info.plist;
				INFOPLIST_KEY_CFBundleDisplayName = "学习英语，报护眼镜";
				INFOPLIST_KEY_NSHumanReadableCopyright = "";
				IPHONEOS_DEPLOYMENT_TARGET = 15.0;
				LD_RUNPATH_SEARCH_PATHS = (
					"$(inherited)",
					"@executable_path/Frameworks",
					"@executable_path/../../Frameworks",
				);
				MARKETING_VERSION = 1.0;
				PRODUCT_BUNDLE_IDENTIFIER = com.rabbit.englist.EnglishSentenceWidget2;
				PRODUCT_NAME = "$(TARGET_NAME)";
				SKIP_INSTALL = YES;
				SWIFT_APPROACHABLE_CONCURRENCY = YES;
				SWIFT_DEFAULT_ACTOR_ISOLATION = MainActor;
				SWIFT_EMIT_LOC_STRINGS = YES;
				SWIFT_UPCOMING_FEATURE_MEMBER_IMPORT_VISIBILITY = YES;
				SWIFT_VERSION = 5.0;
				TARGETED_DEVICE_FAMILY = 1;
			};
			name = Release;
		};
/* End XCBuildConfiguration section */

/* Begin XCConfigurationList section */
		5D591F9A2F3B3E6E009FC87E /* Build configuration list for PBXProject "EnglishSentence" */ = {
			isa = XCConfigurationList;
			buildConfigurations = (
				5D591FB52F3B3E70009FC87E /* Debug */,
				5D591FB62F3B3E70009FC87E /* Release */,
			);
			defaultConfigurationIsVisible = 0;
			defaultConfigurationName = Release;
		};
		5D591FB22F3B3E70009FC87E /* Build configuration list for PBXNativeTarget "EnglishSentence" */ = {
			isa = XCConfigurationList;
			buildConfigurations = (
				5D591FB32F3B3E70009FC87E /* Debug */,
				5D591FB42F3B3E70009FC87E /* Release */,
			);
			defaultConfigurationIsVisible = 0;
			defaultConfigurationName = Release;
		};
		A100000C2F3B3E6E009FC90C /* Build configuration list for PBXNativeTarget "EnglishSentenceWidgetExtension" */ = {
			isa = XCConfigurationList;
			buildConfigurations = (
				A100000D2F3B3E6E009FC90D /* Debug */,
				A100000E2F3B3E6E009FC90E /* Release */,
			);
			defaultConfigurationIsVisible = 0;
			defaultConfigurationName = Release;
		};
		B2E0000B2F3B3E6E009FC90B /* Build configuration list for PBXNativeTarget "EnglishSentenceWidget2Extension" */ = {
			isa = XCConfigurationList;
			buildConfigurations = (
				B2E0000C2F3B3E6E009FC90C /* Debug */,
				B2E0000D2F3B3E6E009FC90D /* Release */,
			);
			defaultConfigurationIsVisible = 0;
			defaultConfigurationName = Release;
		};
/* End XCConfigurationList section */
	};
	rootObject = 5D591F972F3B3E6E009FC87E /* Project object */;
}
